# This file is automatically @generated by Poetry 1.8.3 and should not be changed by hand.

[[package]]
name = "cleo"
version = "2.1.0"
description = "Cleo allows you to create beautiful and testable command-line interfaces."
optional = false
python-versions = ">=3.7,<4.0"
files = [
    {file = "cleo-2.1.0-py3-none-any.whl", hash = "sha256:4a31bd4dd45695a64ee3c4758f583f134267c2bc518d8ae9a29cf237d009b07e"},
    {file = "cleo-2.1.0.tar.gz", hash = "sha256:0b2c880b5d13660a7ea651001fb4acb527696c01f15c9ee650f377aa543fd523"},
]

[package.dependencies]
crashtest = ">=0.4.1,<0.5.0"
rapidfuzz = ">=3.0.0,<4.0.0"

[[package]]
name = "crashtest"
version = "0.4.1"
description = "Manage Python errors with ease"
optional = false
python-versions = ">=3.7,<4.0"
files = [
    {file = "crashtest-0.4.1-py3-none-any.whl", hash = "sha256:8d23eac5fa660409f57472e3851dab7ac18aba459a8d19cbbba86d3d5aecd2a5"},
    {file = "crashtest-0.4.1.tar.gz", hash = "sha256:80d7b1f316ebfbd429f648076d6275c877ba30ba48979de4191714a75266f0ce"},
]

[[package]]
name = "rapidfuzz"
version = "3.9.7"
description = "rapid fuzzy string matching"
optional = false
python-versions = ">=3.8"
files = [
    {file = "rapidfuzz-3.9.7-cp310-cp310-macosx_10_9_x86_64.whl", hash = "sha256:ccf68e30b80e903f2309f90a438dbd640dd98e878eeb5ad361a288051ee5b75c"},
    {file = "rapidfuzz-3.9.7-cp310-cp310-macosx_11_0_arm64.whl", hash = "sha256:696a79018ef989bf1c9abd9005841cee18005ccad4748bad8a4c274c47b6241a"},
    {file = "rapidfuzz-3.9.7-cp310-cp310-manylinux_2_17_aarch64.manylinux2014_aarch64.whl", hash = "sha256:c4eebf6c93af0ae866c22b403a84747580bb5c10f0d7b51c82a87f25405d4dcb"},
    {file = "rapidfuzz-3.9.7-cp310-cp310-manylinux_2_17_i686.manylinux2014_i686.whl", hash = "sha256:0e9125377fa3d21a8abd4fbdbcf1c27be73e8b1850f0b61b5b711364bf3b59db"},
    {file = "rapidfuzz-3.9.7-cp310-cp310-manylinux_2_17_ppc64le.manylinux2014_ppc64le.whl", hash = "sha256:c12d180b17a22d107c8747de9c68d0b9c1d15dcda5445ff9bf9f4ccfb67c3e16"},
    {file = "rapidfuzz-3.9.7-cp310-cp310-manylinux_2_17_s390x.manylinux2014_s390x.whl", hash = "sha256:c1318d42610c26dcd68bd3279a1bf9e3605377260867c9a8ed22eafc1bd93a7c"},
    {file = "rapidfuzz-3.9.7-cp310-cp310-manylinux_2_17_x86_64.manylinux2014_x86_64.whl", hash = "sha256:dd5fa6e3c6e0333051c1f3a49f0807b3366f4131c8d6ac8c3e05fd0d0ce3755c"},
    {file = "rapidfuzz-3.9.7-cp310-cp310-musllinux_1_2_aarch64.whl", hash = "sha256:fcf79b686962d7bec458a0babc904cb4fa319808805e036b9d5a531ee6b9b835"},
    {file = "rapidfuzz-3.9.7-cp310-cp310-musllinux_1_2_i686.whl", hash = "sha256:8b01153c7466d0bad48fba77a303d5a768e66f24b763853469f47220b3de4661"},
    {file = "rapidfuzz-3.9.7-cp310-cp310-musllinux_1_2_ppc64le.whl", hash = "sha256:94baaeea0b4f8632a6da69348b1e741043eba18d4e3088d674d3f76586b6223d"},
    {file = "rapidfuzz-3.9.7-cp310-cp310-musllinux_1_2_s390x.whl", hash = "sha256:6c5b32875646cb7f60c193ade99b2e4b124f19583492115293cd00f6fb198b17"},
    {file = "rapidfuzz-3.9.7-cp310-cp310-musllinux_1_2_x86_64.whl", hash = "sha256:110b6294396bc0a447648627479c9320f095c2034c0537f687592e0f58622638"},
    {file = "rapidfuzz-3.9.7-cp310-cp310-win32.whl", hash = "sha256:3445a35c4c8d288f2b2011eb61bce1227c633ce85a3154e727170f37c0266bb2"},
    {file = "rapidfuzz-3.9.7-cp310-cp310-win_amd64.whl", hash = "sha256:0d1415a732ee75e74a90af12020b77a0b396b36c60afae1bde3208a78cd2c9fc"},
    {file = "rapidfuzz-3.9.7-cp310-cp310-win_arm64.whl", hash = "sha256:836f4d88b8bd0fff2ebe815dcaab8aa6c8d07d1d566a7e21dd137cf6fe11ed5b"},
    {file = "rapidfuzz-3.9.7-cp311-cp311-macosx_10_9_x86_64.whl", hash = "sha256:d098ce6162eb5e48fceb0745455bc950af059df6113eec83e916c129fca11408"},
    {file = "rapidfuzz-3.9.7-cp311-cp311-macosx_11_0_arm64.whl", hash = "sha256:048d55d36c02c6685a2b2741688503c3d15149694506655b6169dcfd3b6c2585"},
    {file = "rapidfuzz-3.9.7-cp311-cp311-manylinux_2_17_aarch64.manylinux2014_aarch64.whl", hash = "sha256:c33211cfff9aec425bb1bfedaf94afcf337063aa273754f22779d6dadebef4c2"},
    {file = "rapidfuzz-3.9.7-cp311-cp311-manylinux_2_17_i686.manylinux2014_i686.whl", hash = "sha256:e6d9db2fa4e9be171e9bb31cf2d2575574774966b43f5b951062bb2e67885852"},
    {file = "rapidfuzz-3.9.7-cp311-cp311-manylinux_2_17_ppc64le.manylinux2014_ppc64le.whl", hash = "sha256:d4e049d5ad61448c9a020d1061eba20944c4887d720c4069724beb6ea1692507"},
    {file = "rapidfuzz-3.9.7-cp311-cp311-manylinux_2_17_s390x.manylinux2014_s390x.whl", hash = "sha256:cfa74aac64c85898b93d9c80bb935a96bf64985e28d4ee0f1a3d1f3bf11a5106"},
    {file = "rapidfuzz-3.9.7-cp311-cp311-manylinux_2_17_x86_64.manylinux2014_x86_64.whl", hash = "sha256:965693c2e9efd425b0f059f5be50ef830129f82892fa1858e220e424d9d0160f"},
    {file = "rapidfuzz-3.9.7-cp311-cp311-musllinux_1_2_aarch64.whl", hash = "sha256:8501000a5eb8037c4b56857724797fe5a8b01853c363de91c8d0d0ad56bef319"},
    {file = "rapidfuzz-3.9.7-cp311-cp311-musllinux_1_2_i686.whl", hash = "sha256:8d92c552c6b7577402afdd547dcf5d31ea6c8ae31ad03f78226e055cfa37f3c6"},
    {file = "rapidfuzz-3.9.7-cp311-cp311-musllinux_1_2_ppc64le.whl", hash = "sha256:1ee2086f490cb501d86b7e386c1eb4e3a0ccbb0c99067089efaa8c79012c8952"},
    {file = "rapidfuzz-3.9.7-cp311-cp311-musllinux_1_2_s390x.whl", hash = "sha256:1de91e7fd7f525e10ea79a6e62c559d1b0278ec097ad83d9da378b6fab65a265"},
    {file = "rapidfuzz-3.9.7-cp311-cp311-musllinux_1_2_x86_64.whl", hash = "sha256:a4da514d13f4433e16960a17f05b67e0af30ac771719c9a9fb877e5004f74477"},
    {file = "rapidfuzz-3.9.7-cp311-cp311-win32.whl", hash = "sha256:a40184c67db8252593ec518e17fb8a6e86d7259dc9f2d6c0bf4ff4db8cf1ad4b"},
    {file = "rapidfuzz-3.9.7-cp311-cp311-win_amd64.whl", hash = "sha256:c4f28f1930b09a2c300357d8465b388cecb7e8b2f454a5d5425561710b7fd07f"},
    {file = "rapidfuzz-3.9.7-cp311-cp311-win_arm64.whl", hash = "sha256:675b75412a943bb83f1f53e2e54fd18c80ef15ed642dc6eb0382d1949419d904"},
    {file = "rapidfuzz-3.9.7-cp312-cp312-macosx_10_9_x86_64.whl", hash = "sha256:1ef6a1a8f0b12f8722f595f15c62950c9a02d5abc64742561299ffd49f6c6944"},
    {file = "rapidfuzz-3.9.7-cp312-cp312-macosx_11_0_arm64.whl", hash = "sha256:32532af1d70c6ec02ea5ac7ee2766dfff7c8ae8c761abfe8da9e527314e634e8"},
    {file = "rapidfuzz-3.9.7-cp312-cp312-manylinux_2_17_aarch64.manylinux2014_aarch64.whl", hash = "sha256:ae1a38bade755aa9dd95a81cda949e1bf9cd92b79341ccc5e2189c9e7bdfc5ec"},
    {file = "rapidfuzz-3.9.7-cp312-cp312-manylinux_2_17_i686.manylinux2014_i686.whl", hash = "sha256:d73ee2df41224c87336448d279b5b6a3a75f36e41dd3dcf538c0c9cce36360d8"},
    {file = "rapidfuzz-3.9.7-cp312-cp312-manylinux_2_17_ppc64le.manylinux2014_ppc64le.whl", hash = "sha256:be3a1fc3e2ab3bdf93dc0c83c00acca8afd2a80602297d96cf4a0ba028333cdf"},
    {file = "rapidfuzz-3.9.7-cp312-cp312-manylinux_2_17_s390x.manylinux2014_s390x.whl", hash = "sha256:603f48f621272a448ff58bb556feb4371252a02156593303391f5c3281dfaeac"},
    {file = "rapidfuzz-3.9.7-cp312-cp312-manylinux_2_17_x86_64.manylinux2014_x86_64.whl", hash = "sha256:268f8e1ca50fc61c0736f3fe9d47891424adf62d96ed30196f30f4bd8216b41f"},
    {file = "rapidfuzz-3.9.7-cp312-cp312-musllinux_1_2_aarch64.whl", hash = "sha256:5f8bf3f0d02935751d8660abda6044821a861f6229f7d359f98bcdcc7e66c39b"},
    {file = "rapidfuzz-3.9.7-cp312-cp312-musllinux_1_2_i686.whl", hash = "sha256:b997ff3b39d4cee9fb025d6c46b0a24bd67595ce5a5b652a97fb3a9d60beb651"},
    {file = "rapidfuzz-3.9.7-cp312-cp312-musllinux_1_2_ppc64le.whl", hash = "sha256:ca66676c8ef6557f9b81c5b2b519097817a7c776a6599b8d6fcc3e16edd216fe"},
    {file = "rapidfuzz-3.9.7-cp312-cp312-musllinux_1_2_s390x.whl", hash = "sha256:35d3044cb635ca6b1b2b7b67b3597bd19f34f1753b129eb6d2ae04cf98cd3945"},
    {file = "rapidfuzz-3.9.7-cp312-cp312-musllinux_1_2_x86_64.whl", hash = "sha256:5a93c9e60904cb76e7aefef67afffb8b37c4894f81415ed513db090f29d01101"},
    {file = "rapidfuzz-3.9.7-cp312-cp312-win32.whl", hash = "sha256:579d107102c0725f7c79b4e79f16d3cf4d7c9208f29c66b064fa1fd4641d5155"},
    {file = "rapidfuzz-3.9.7-cp312-cp312-win_amd64.whl", hash = "sha256:953b3780765c8846866faf891ee4290f6a41a6dacf4fbcd3926f78c9de412ca6"},
    {file = "rapidfuzz-3.9.7-cp312-cp312-win_arm64.whl", hash = "sha256:7c20c1474b068c4bd45bf2fd0ad548df284f74e9a14a68b06746c56e3aa8eb70"},
    {file = "rapidfuzz-3.9.7-cp313-cp313-macosx_10_13_x86_64.whl", hash = "sha256:fde81b1da9a947f931711febe2e2bee694e891f6d3e6aa6bc02c1884702aea19"},
    {file = "rapidfuzz-3.9.7-cp313-cp313-macosx_11_0_arm64.whl", hash = "sha256:47e92c155a14f44511ea8ebcc6bc1535a1fe8d0a7d67ad3cc47ba61606df7bcf"},
    {file = "rapidfuzz-3.9.7-cp313-cp313-manylinux_2_17_aarch64.manylinux2014_aarch64.whl", hash = "sha256:8772b745668260c5c4d069c678bbaa68812e6c69830f3771eaad521af7bc17f8"},
    {file = "rapidfuzz-3.9.7-cp313-cp313-manylinux_2_17_i686.manylinux2014_i686.whl", hash = "sha256:578302828dd97ee2ba507d2f71d62164e28d2fc7bc73aad0d2d1d2afc021a5d5"},
    {file = "rapidfuzz-3.9.7-cp313-cp313-manylinux_2_17_ppc64le.manylinux2014_ppc64le.whl", hash = "sha256:fc3e6081069eea61593f1d6839029da53d00c8c9b205c5534853eaa3f031085c"},
    {file = "rapidfuzz-3.9.7-cp313-cp313-manylinux_2_17_s390x.manylinux2014_s390x.whl", hash = "sha256:0b1c2d504eddf97bc0f2eba422c8915576dbf025062ceaca2d68aecd66324ad9"},
    {file = "rapidfuzz-3.9.7-cp313-cp313-manylinux_2_17_x86_64.manylinux2014_x86_64.whl", hash = "sha256:6fb76e5a21034f0307c51c5a2fc08856f698c53a4c593b17d291f7d6e9d09ca3"},
    {file = "rapidfuzz-3.9.7-cp313-cp313-musllinux_1_2_aarch64.whl", hash = "sha256:d4ba2318ef670ce505f42881a5d2af70f948124646947341a3c6ccb33cd70369"},
    {file = "rapidfuzz-3.9.7-cp313-cp313-musllinux_1_2_i686.whl", hash = "sha256:057bb03f39e285047d7e9412e01ecf31bb2d42b9466a5409d715d587460dd59b"},
    {file = "rapidfuzz-3.9.7-cp313-cp313-musllinux_1_2_ppc64le.whl", hash = "sha256:a8feac9006d5c9758438906f093befffc4290de75663dbb2098461df7c7d28dd"},
    {file = "rapidfuzz-3.9.7-cp313-cp313-musllinux_1_2_s390x.whl", hash = "sha256:95b8292383e717e10455f2c917df45032b611141e43d1adf70f71b1566136b11"},
    {file = "rapidfuzz-3.9.7-cp313-cp313-musllinux_1_2_x86_64.whl", hash = "sha256:e9fbf659537d246086d0297628b3795dc3e4a384101ecc01e5791c827b8d7345"},
    {file = "rapidfuzz-3.9.7-cp313-cp313-win32.whl", hash = "sha256:1dc516ac6d32027be2b0196bedf6d977ac26debd09ca182376322ad620460feb"},
    {file = "rapidfuzz-3.9.7-cp313-cp313-win_amd64.whl", hash = "sha256:b4f86e09d3064dca0b014cd48688964036a904a2d28048f00c8f4640796d06a8"},
    {file = "rapidfuzz-3.9.7-cp313-cp313-win_arm64.whl", hash = "sha256:19c64d8ddb2940b42a4567b23f1681af77f50a5ff6c9b8e85daba079c210716e"},
    {file = "rapidfuzz-3.9.7-cp38-cp38-macosx_10_9_x86_64.whl", hash = "sha256:fbda3dd68d8b28ccb20ffb6f756fefd9b5ba570a772bedd7643ed441f5793308"},
    {file = "rapidfuzz-3.9.7-cp38-cp38-macosx_11_0_arm64.whl", hash = "sha256:2379e0b2578ad3ac7004f223251550f08bca873ff76c169b09410ec562ad78d8"},
    {file = "rapidfuzz-3.9.7-cp38-cp38-manylinux_2_17_aarch64.manylinux2014_aarch64.whl", hash = "sha256:5d1eff95362f993b0276fd3839aee48625b09aac8938bb0c23b40d219cba5dc5"},
    {file = "rapidfuzz-3.9.7-cp38-cp38-manylinux_2_17_i686.manylinux2014_i686.whl", hash = "sha256:cd9360e30041690912525a210e48a897b49b230768cc8af1c702e5395690464f"},
    {file = "rapidfuzz-3.9.7-cp38-cp38-manylinux_2_17_ppc64le.manylinux2014_ppc64le.whl", hash = "sha256:a93cd834b3c315ab437f0565ee3a2f42dd33768dc885ccbabf9710b131cf70d2"},
    {file = "rapidfuzz-3.9.7-cp38-cp38-manylinux_2_17_s390x.manylinux2014_s390x.whl", hash = "sha256:4ff196996240db7075f62c7bc4506f40a3c80cd4ae3ab0e79ac6892283a90859"},
    {file = "rapidfuzz-3.9.7-cp38-cp38-manylinux_2_17_x86_64.manylinux2014_x86_64.whl", hash = "sha256:948dcee7aaa1cd14358b2a7ef08bf0be42bf89049c3a906669874a715fc2c937"},
    {file = "rapidfuzz-3.9.7-cp38-cp38-musllinux_1_2_aarch64.whl", hash = "sha256:d95751f505a301af1aaf086c19f34536056d6c8efa91b2240de532a3db57b543"},
    {file = "rapidfuzz-3.9.7-cp38-cp38-musllinux_1_2_i686.whl", hash = "sha256:90db86fa196eecf96cb6db09f1083912ea945c50c57188039392d810d0b784e1"},
    {file = "rapidfuzz-3.9.7-cp38-cp38-musllinux_1_2_ppc64le.whl", hash = "sha256:3171653212218a162540a3c8eb8ae7d3dcc8548540b69eaecaf3b47c14d89c90"},
    {file = "rapidfuzz-3.9.7-cp38-cp38-musllinux_1_2_s390x.whl", hash = "sha256:36dd6e820379c37a1ffefc8a52b648758e867cd9d78ee5b5dc0c9a6a10145378"},
    {file = "rapidfuzz-3.9.7-cp38-cp38-musllinux_1_2_x86_64.whl", hash = "sha256:7b702de95666a1f7d5c6b47eacadfe2d2794af3742d63d2134767d13e5d1c713"},
    {file = "rapidfuzz-3.9.7-cp38-cp38-win32.whl", hash = "sha256:9030e7238c0df51aed5c9c5ed8eee2bdd47a2ae788e562c1454af2851c3d1906"},
    {file = "rapidfuzz-3.9.7-cp38-cp38-win_amd64.whl", hash = "sha256:f847fb0fbfb72482b1c05c59cbb275c58a55b73708a7f77a83f8035ee3c86497"},
    {file = "rapidfuzz-3.9.7-cp39-cp39-macosx_10_9_x86_64.whl", hash = "sha256:97f2ce529d2a70a60c290f6ab269a2bbf1d3b47b9724dccc84339b85f7afb044"},
    {file = "rapidfuzz-3.9.7-cp39-cp39-macosx_11_0_arm64.whl", hash = "sha256:e2957fdad10bb83b1982b02deb3604a3f6911a5e545f518b59c741086f92d152"},
    {file = "rapidfuzz-3.9.7-cp39-cp39-manylinux_2_17_aarch64.manylinux2014_aarch64.whl", hash = "sha256:5d5262383634626eb45c536017204b8163a03bc43bda880cf1bdd7885db9a163"},
    {file = "rapidfuzz-3.9.7-cp39-cp39-manylinux_2_17_i686.manylinux2014_i686.whl", hash = "sha256:364587827d7cbd41afa0782adc2d2d19e3f07d355b0750a02a8e33ad27a9c368"},
    {file = "rapidfuzz-3.9.7-cp39-cp39-manylinux_2_17_ppc64le.manylinux2014_ppc64le.whl", hash = "sha256:ecc24af7f905f3d6efb371a01680116ffea8d64e266618fb9ad1602a9b4f7934"},
    {file = "rapidfuzz-3.9.7-cp39-cp39-manylinux_2_17_s390x.manylinux2014_s390x.whl", hash = "sha256:9dc86aa6b29d174713c5f4caac35ffb7f232e3e649113e8d13812b35ab078228"},
    {file = "rapidfuzz-3.9.7-cp39-cp39-manylinux_2_17_x86_64.manylinux2014_x86_64.whl", hash = "sha256:e3dcfbe7266e74a707173a12a7b355a531f2dcfbdb32f09468e664330da14874"},
    {file = "rapidfuzz-3.9.7-cp39-cp39-musllinux_1_2_aarch64.whl", hash = "sha256:b23806fbdd6b510ba9ac93bb72d503066263b0fba44b71b835be9f063a84025f"},
    {file = "rapidfuzz-3.9.7-cp39-cp39-musllinux_1_2_i686.whl", hash = "sha256:5551d68264c1bb6943f542da83a4dc8940ede52c5847ef158698799cc28d14f5"},
    {file = "rapidfuzz-3.9.7-cp39-cp39-musllinux_1_2_ppc64le.whl", hash = "sha256:13d8675a1fa7e2b19650ca7ef9a6ec01391d4bb12ab9e0793e8eb024538b4a34"},
    {file = "rapidfuzz-3.9.7-cp39-cp39-musllinux_1_2_s390x.whl", hash = "sha256:9b6a5de507b9be6de688dae40143b656f7a93b10995fb8bd90deb555e7875c60"},
    {file = "rapidfuzz-3.9.7-cp39-cp39-musllinux_1_2_x86_64.whl", hash = "sha256:111a20a3c090cf244d9406e60500b6c34b2375ba3a5009e2b38fd806fe38e337"},
    {file = "rapidfuzz-3.9.7-cp39-cp39-win32.whl", hash = "sha256:22589c0b8ccc6c391ce7f776c93a8c92c96ab8d34e1a19f1bd2b12a235332632"},
    {file = "rapidfuzz-3.9.7-cp39-cp39-win_amd64.whl", hash = "sha256:6f83221db5755b8f34222e40607d87f1176a8d5d4dbda4a55a0f0b67d588a69c"},
    {file = "rapidfuzz-3.9.7-cp39-cp39-win_arm64.whl", hash = "sha256:3665b92e788578c3bb334bd5b5fa7ee1a84bafd68be438e3110861d1578c63a0"},
    {file = "rapidfuzz-3.9.7-pp310-pypy310_pp73-macosx_10_15_x86_64.whl", hash = "sha256:d7df9c2194c7ec930b33c991c55dbd0c10951bd25800c0b7a7b571994ebbced5"},
    {file = "rapidfuzz-3.9.7-pp310-pypy310_pp73-macosx_11_0_arm64.whl", hash = "sha256:68bd888eafd07b09585dcc8bc2716c5ecdb7eed62827470664d25588982b2873"},
    {file = "rapidfuzz-3.9.7-pp310-pypy310_pp73-manylinux_2_17_aarch64.manylinux2014_aarch64.whl", hash = "sha256:d1230e0f9026851a6a432beaa0ce575dda7b39fe689b576f99a0704fbb81fc9c"},
    {file = "rapidfuzz-3.9.7-pp310-pypy310_pp73-manylinux_2_17_i686.manylinux2014_i686.whl", hash = "sha256:a3b36e1c61b796ae1777f3e9e11fd39898b09d351c9384baf6e3b7e6191d8ced"},
    {file = "rapidfuzz-3.9.7-pp310-pypy310_pp73-manylinux_2_17_x86_64.manylinux2014_x86_64.whl", hash = "sha256:9dba13d86806fcf3fe9c9919f58575e0090eadfb89c058bde02bcc7ab24e4548"},
    {file = "rapidfuzz-3.9.7-pp310-pypy310_pp73-win_amd64.whl", hash = "sha256:1f1a33e84056b7892c721d84475d3bde49a145126bc4c6efe0d6d0d59cb31c29"},
    {file = "rapidfuzz-3.9.7-pp38-pypy38_pp73-macosx_10_9_x86_64.whl", hash = "sha256:3492c7a42b7fa9f0051d7fcce9893e95ed91c97c9ec7fb64346f3e070dd318ed"},
    {file = "rapidfuzz-3.9.7-pp38-pypy38_pp73-macosx_11_0_arm64.whl", hash = "sha256:ece45eb2af8b00f90d10f7419322e8804bd42fb1129026f9bfe712c37508b514"},
    {file = "rapidfuzz-3.9.7-pp38-pypy38_pp73-manylinux_2_17_aarch64.manylinux2014_aarch64.whl", hash = "sha256:9dcd14cf4876f04b488f6e54a7abd3e9b31db5f5a6aba0ce90659917aaa8c088"},
    {file = "rapidfuzz-3.9.7-pp38-pypy38_pp73-manylinux_2_17_i686.manylinux2014_i686.whl", hash = "sha256:521c58c72ed8a612b25cda378ff10dee17e6deb4ee99a070b723519a345527b9"},
    {file = "rapidfuzz-3.9.7-pp38-pypy38_pp73-manylinux_2_17_x86_64.manylinux2014_x86_64.whl", hash = "sha256:18669bb6cdf7d40738526d37e550df09ba065b5a7560f3d802287988b6cb63cf"},
    {file = "rapidfuzz-3.9.7-pp38-pypy38_pp73-win_amd64.whl", hash = "sha256:7abe2dbae81120a64bb4f8d3fcafe9122f328c9f86d7f327f174187a5af4ed86"},
    {file = "rapidfuzz-3.9.7-pp39-pypy39_pp73-macosx_10_15_x86_64.whl", hash = "sha256:a3c0783910911f4f24655826d007c9f4360f08107410952c01ee3df98c713eb2"},
    {file = "rapidfuzz-3.9.7-pp39-pypy39_pp73-macosx_11_0_arm64.whl", hash = "sha256:03126f9a040ff21d2a110610bfd6b93b79377ce8b4121edcb791d61b7df6eec5"},
    {file = "rapidfuzz-3.9.7-pp39-pypy39_pp73-manylinux_2_17_aarch64.manylinux2014_aarch64.whl", hash = "sha256:591908240f4085e2ade5b685c6e8346e2ed44932cffeaac2fb32ddac95b55c7f"},
    {file = "rapidfuzz-3.9.7-pp39-pypy39_pp73-manylinux_2_17_i686.manylinux2014_i686.whl", hash = "sha256:e9012d86c6397edbc9da4ac0132de7f8ee9d6ce857f4194d5684c4ddbcdd1c5c"},
    {file = "rapidfuzz-3.9.7-pp39-pypy39_pp73-manylinux_2_17_x86_64.manylinux2014_x86_64.whl", hash = "sha256:df596ddd3db38aa513d4c0995611267b3946e7cbe5a8761b50e9306dfec720ee"},
    {file = "rapidfuzz-3.9.7-pp39-pypy39_pp73-win_amd64.whl", hash = "sha256:3ed5adb752f4308fcc8f4fb6f8eb7aa4082f9d12676fda0a74fa5564242a8107"},
    {file = "rapidfuzz-3.9.7.tar.gz", hash = "sha256:f1c7296534c1afb6f495aa95871f14ccdc197c6db42965854e483100df313030"},
]

[package.extras]
full = ["numpy"]

[[package]]
name = "tree-sitter"
version = "0.23.0"
description = "Python bindings to the Tree-sitter parsing library"
optional = false
python-versions = ">=3.9"
files = [
    {file = "tree-sitter-0.23.0.tar.gz", hash = "sha256:4c0d186f262a6b186e155a327150064abbf02b5659f7bc580eb965374025f2c2"},
    {file = "tree_sitter-0.23.0-cp310-cp310-macosx_10_9_x86_64.whl", hash = "sha256:b5f6cb46166e9fe82542cad780afb7edf5fab30b75e85a61579dd0bf7afaa134"},
    {file = "tree_sitter-0.23.0-cp310-cp310-macosx_11_0_arm64.whl", hash = "sha256:1a5adee1065f25d1d85cdb78d9d8e96aa211e840b3b700b35a52e4574a949748"},
    {file = "tree_sitter-0.23.0-cp310-cp310-manylinux_2_17_aarch64.manylinux2014_aarch64.whl", hash = "sha256:d34291c42feef2d4d51c3cb87055c2430c5802f6cfca1c5d8ae07619a2bf7958"},
    {file = "tree_sitter-0.23.0-cp310-cp310-manylinux_2_17_x86_64.manylinux2014_x86_64.whl", hash = "sha256:7200107a042e2518808718dc6290033be698cd37f766af51832e3bacfbe2a275"},
    {file = "tree_sitter-0.23.0-cp310-cp310-musllinux_1_2_aarch64.whl", hash = "sha256:f8d8a867de53a0ab6793aa43f35df7b98dc237ec18ac7ee6e9f8507dc21a13b0"},
    {file = "tree_sitter-0.23.0-cp310-cp310-musllinux_1_2_x86_64.whl", hash = "sha256:d90bba4d92c4a4163d81a91a392af18910cc1ab6fef0b4e0d5c084808a3ca15e"},
    {file = "tree_sitter-0.23.0-cp310-cp310-win_amd64.whl", hash = "sha256:0766af549741c6b79440cec1d2ddfcf4688a416b82fbe2f0e7c1d9b0b35fe2db"},
    {file = "tree_sitter-0.23.0-cp310-cp310-win_arm64.whl", hash = "sha256:2e5cc4596b4705f8aedec14580126f3a7a28b2341990b84f34435a6dba5ad373"},
    {file = "tree_sitter-0.23.0-cp311-cp311-macosx_10_9_x86_64.whl", hash = "sha256:81dc39e0281ec4318d59fe87d85b45143ffeb87b8dde5b841db17d68ac647cd8"},
    {file = "tree_sitter-0.23.0-cp311-cp311-macosx_11_0_arm64.whl", hash = "sha256:c01ab28d6e0afd670c4920b104aa3867f98327493d8ca6fc56376d28cd7bc148"},
    {file = "tree_sitter-0.23.0-cp311-cp311-manylinux_2_17_aarch64.manylinux2014_aarch64.whl", hash = "sha256:f9b2e3c27fee3db2c975eceff32d2135cb237cabaa266b7dfd51bdcb67e2919e"},
    {file = "tree_sitter-0.23.0-cp311-cp311-manylinux_2_17_x86_64.manylinux2014_x86_64.whl", hash = "sha256:d81093c6e751b6a9042ea427efb92ae1ab93acaa6c748234d856630b616d8ed5"},
    {file = "tree_sitter-0.23.0-cp311-cp311-musllinux_1_2_aarch64.whl", hash = "sha256:81ef25f8be8776b97196ca0627de1a66279bdf8ac69460a5dd658617414a8d58"},
    {file = "tree_sitter-0.23.0-cp311-cp311-musllinux_1_2_x86_64.whl", hash = "sha256:2c7617149fc541fb6296b620329fde7cf961dd375ae11f2418b52108110e65b2"},
    {file = "tree_sitter-0.23.0-cp311-cp311-win_amd64.whl", hash = "sha256:6ecd7385c8851e3a7c9ed78bcad080c5535ac99534a67ba2392829c45f8c1b42"},
    {file = "tree_sitter-0.23.0-cp311-cp311-win_arm64.whl", hash = "sha256:42bcb535047bc9a2dbd1f421cce0857ca5e28387e5add6757072c8c3b7fa796a"},
    {file = "tree_sitter-0.23.0-cp312-cp312-macosx_10_9_x86_64.whl", hash = "sha256:b40e3c961fe1df761b62869a4fcb3949e00906633420684df6d7ba503869b854"},
    {file = "tree_sitter-0.23.0-cp312-cp312-macosx_11_0_arm64.whl", hash = "sha256:3df65a4cd2e2d091097ae84a3f96828c0906c698684fdc1f7985b5a452d1045e"},
    {file = "tree_sitter-0.23.0-cp312-cp312-manylinux_2_17_aarch64.manylinux2014_aarch64.whl", hash = "sha256:e62f810b7c4d65e1901dae3aea432c8de32ce7a35d63296f70cc99e84d1986d2"},
    {file = "tree_sitter-0.23.0-cp312-cp312-manylinux_2_17_x86_64.manylinux2014_x86_64.whl", hash = "sha256:eaf21159e0f07fe6307e096b81a92afcf5deb0ce95655d29b065d5a6c41f78b3"},
    {file = "tree_sitter-0.23.0-cp312-cp312-musllinux_1_2_aarch64.whl", hash = "sha256:2a0e26f59749e748accba04cf48287c463d2ff803156586d1d797c1b786f14ab"},
    {file = "tree_sitter-0.23.0-cp312-cp312-musllinux_1_2_x86_64.whl", hash = "sha256:c7b873dbc077eb295df921e47a82197b87a0d27275534ffb063cea5ec6ee0f5e"},
    {file = "tree_sitter-0.23.0-cp312-cp312-win_amd64.whl", hash = "sha256:13eb219538cf3b24228aba891c8ab029490c821d8dc3bc8bc45e06a2cdc78ec5"},
    {file = "tree_sitter-0.23.0-cp312-cp312-win_arm64.whl", hash = "sha256:9ce17115a637793cf7313bfb336519b1803a263f3b1174faa259e52d7a778665"},
    {file = "tree_sitter-0.23.0-cp39-cp39-macosx_10_9_x86_64.whl", hash = "sha256:747a8895cbd02e21d7e9980643853a79b98b2a1c93f990439091e242142c90d4"},
    {file = "tree_sitter-0.23.0-cp39-cp39-macosx_11_0_arm64.whl", hash = "sha256:3302349ae0c78a38b71aec8fc4353388bbae6960d38ed190e4382208c0218805"},
    {file = "tree_sitter-0.23.0-cp39-cp39-manylinux_2_17_aarch64.manylinux2014_aarch64.whl", hash = "sha256:2f45ea0d5ce34c4836f73b3643680b384eebf23517a5194651419ac9c625ee75"},
    {file = "tree_sitter-0.23.0-cp39-cp39-manylinux_2_17_x86_64.manylinux2014_x86_64.whl", hash = "sha256:912b49c0a9152e5dbb064d60a962a5f012d97be387aa38adb13c6e970043870b"},
    {file = "tree_sitter-0.23.0-cp39-cp39-musllinux_1_2_aarch64.whl", hash = "sha256:2840e7ce7de7ee72af7a70333da263622dc4630d92ddb2e661c68054c479459d"},
    {file = "tree_sitter-0.23.0-cp39-cp39-musllinux_1_2_x86_64.whl", hash = "sha256:117d5e10d60cda830f0f5d88beaf45205a3c33439fce3a95da4a3448a483a4f9"},
    {file = "tree_sitter-0.23.0-cp39-cp39-win_amd64.whl", hash = "sha256:eff050b68930c2dfc0c521961612310615540e3999cce76123ea0a363772efc2"},
    {file = "tree_sitter-0.23.0-cp39-cp39-win_arm64.whl", hash = "sha256:cbf71655813da4b210a72437ad7b7da4ab8788acfdde8c6b35f68877c61fae4a"},
]

[package.extras]
docs = ["sphinx (>=7.3,<8.0)", "sphinx-book-theme"]
tests = ["tree-sitter-html", "tree-sitter-javascript", "tree-sitter-json", "tree-sitter-python", "tree-sitter-rust"]

[[package]]
name = "tree-sitter-go"
version = "0.23.1"
description = "Go grammar for tree-sitter"
optional = false
python-versions = ">=3.9"
files = [
    {file = "tree_sitter_go-0.23.1-cp39-abi3-macosx_10_9_x86_64.whl", hash = "sha256:011f045a33f74b5a5eefc9ac9d0658a12b1356dab61f848839b3f7013dc5d868"},
    {file = "tree_sitter_go-0.23.1-cp39-abi3-macosx_11_0_arm64.whl", hash = "sha256:83dbcfb7e2b02df1ea55d344fe6429e3708f87f787dd5d78950968a95a85e732"},
    {file = "tree_sitter_go-0.23.1-cp39-abi3-manylinux_2_17_aarch64.manylinux2014_aarch64.whl", hash = "sha256:12e78ed3079f56585a27e5dbd7b0cd26de48ad2c8aa12029bb656e0c5a8893bf"},
    {file = "tree_sitter_go-0.23.1-cp39-abi3-manylinux_2_5_x86_64.manylinux1_x86_64.manylinux_2_17_x86_64.manylinux2014_x86_64.whl", hash = "sha256:9bcd754a83e5f7463a2ed0a5e88474651beb82b637ff69fee90941690694c398"},
    {file = "tree_sitter_go-0.23.1-cp39-abi3-musllinux_1_2_aarch64.whl", hash = "sha256:c40748fa7508eef72a21a3f6072b8254ab41442c0d40f3ac122de65a2435c7b4"},
    {file = "tree_sitter_go-0.23.1-cp39-abi3-musllinux_1_2_x86_64.whl", hash = "sha256:3e971144421af39e298bb3fff9ae164897c6ebf9d126371835e15b145399891b"},
    {file = "tree_sitter_go-0.23.1-cp39-abi3-win_amd64.whl", hash = "sha256:e1d5c9312d69b00f9be60c65ba2f9357c36040dd28ed7fe11ae473b1c2ee048c"},
    {file = "tree_sitter_go-0.23.1.tar.gz", hash = "sha256:a413bfb3d77a47fd84618e01849a6b4b35f794d694493c0b58dbb4a5da82f916"},
]

[package.extras]
core = ["tree-sitter (>=0.21,<1.0)"]

[[package]]
name = "tree-sitter-python"
version = "0.23.2"
description = "Python grammar for tree-sitter"
optional = false
python-versions = ">=3.9"
files = [
    {file = "tree_sitter_python-0.23.2-cp39-abi3-macosx_10_9_x86_64.whl", hash = "sha256:64d733c029db4356aeecd4b2160e793066490f07a9ce549b53aa8100d49d6083"},
    {file = "tree_sitter_python-0.23.2-cp39-abi3-macosx_11_0_arm64.whl", hash = "sha256:c7a75736b0b8704c7e1eb7edeff8c8d1dc17832de76a65ae375fd59c01b2fc84"},
    {file = "tree_sitter_python-0.23.2-cp39-abi3-manylinux_2_17_aarch64.manylinux2014_aarch64.whl", hash = "sha256:ba8ddaf42ad390bda21c25f243b60f906a4c681b450400f689481f0e2b914028"},
    {file = "tree_sitter_python-0.23.2-cp39-abi3-manylinux_2_5_x86_64.manylinux1_x86_64.manylinux_2_17_x86_64.manylinux2014_x86_64.whl", hash = "sha256:fc14405a4e83c110939aafdf21b0c7814a1534e2e6a22599bc2f6b44abc72fdd"},
    {file = "tree_sitter_python-0.23.2-cp39-abi3-musllinux_1_2_aarch64.whl", hash = "sha256:d09c4d6074825c707414bc10c1e90dc5764281cc080bfb7a0ab7c04d0610dbca"},
    {file = "tree_sitter_python-0.23.2-cp39-abi3-musllinux_1_2_x86_64.whl", hash = "sha256:3ee327eaa85b61ea34f878c46fd55a8b1bcbc21d9683782b4f2e7ae9bb23ea51"},
    {file = "tree_sitter_python-0.23.2-cp39-abi3-win_amd64.whl", hash = "sha256:a427c3e5b107febd9f0bfc8df4d91854bda110192d50d741d135f6d37b28fcbd"},
    {file = "tree_sitter_python-0.23.2.tar.gz", hash = "sha256:da6abb90a8061d70651f170403e19aed1db4e6e5bcf4b9396245421899c94070"},
]

[package.extras]
core = ["tree-sitter (>=0.21,<1.0)"]

[metadata]
lock-version = "2.0"
python-versions = "^3.12"
content-hash = "432e03db1a26af52389293f424681986504854af4d8f8563fe1ee4581a1c1d6d"
